# This file is automatically @generated by Cargo.
# It is not intended for manual editing.
version = 3

[[package]]
name = "cell"
version = "0.1.8"
source = "registry+https://github.com/rust-lang/crates.io-index"
checksum = "4e7dc1cb97a2d16bc350be1181218ab8fb4d47f4d776f36c061d7351e5f6fb69"

[[package]]
name = "example"
version = "0.1.0"
dependencies = [
 "cell",
]
